<Solution>
  <Folder Name="/src/" />
  <Folder Name="/src/adaptadores/">
    <Project Path="src/adaptadores/Jornada.Adaptadores.Memoria/Jornada.Adaptadores.Memoria.csproj" />
    <Project Path="src/adaptadores/Jornada.Persistencia.Postgres/Jornada.Persistencia.Postgres.csproj" />
  </Folder>
  <Folder Name="/src/aplicacao/">
    <Project Path="src/aplicacao/Jornada.Aplicacao/Jornada.Aplicacao.csproj" />
  </Folder>
  <Folder Name="/src/dominio/">
    <Project Path="src/dominio/Jornada.Dominio/Jornada.Dominio.csproj" />
  </Folder>
  <Folder Name="/src/hosts/">
    <Project Path="src/hosts/Jornada.Api/Jornada.Api.csproj" />
  </Folder>
  <Folder Name="/tests/">
    <Project Path="tests/Jornada.Arquitetura.Testes/Jornada.Arquitetura.Testes.csproj" />
    <Project Path="tests/Jornada.Dominio.Testes/Jornada.Dominio.Testes.csproj" />
  </Folder>
</Solution>
